{
    "_readme": [
        "This file locks the dependencies of your project to a known state",
        "Read more about it at https://getcomposer.org/doc/01-basic-usage.md#composer-lock-the-lock-file",
        "This file is @generated automatically"
    ],
    "content-hash": "9ec585cd493226b03c1690f2e9d06849",
    "packages": [
        {
            "name": "alchemy/zippy",
            "version": "0.2.1",
            "source": {
                "type": "git",
                "url": "https://github.com/alchemy-fr/Zippy.git",
                "reference": "16285231eb37587c6c32b86fa483c35853cd7515"
            },
            "dist": {
                "type": "zip",
                "url": "https://api.github.com/repos/alchemy-fr/Zippy/zipball/16285231eb37587c6c32b86fa483c35853cd7515",
                "reference": "16285231eb37587c6c32b86fa483c35853cd7515",
                "shasum": ""
            },
            "require": {
                "doctrine/collections": "~1.0",
                "guzzle/guzzle": "~3.0",
                "php": ">=5.3.3",
                "pimple/pimple": "~1.0",
                "symfony/filesystem": "~2.0",
                "symfony/process": "~2.0"
            },
            "require-dev": {
                "ext-zip": "*",
                "phpunit/phpunit": "~3.7",
                "sami/sami": "dev-master@dev",
                "symfony/finder": "~2.0"
            },
            "suggest": {
                "ext-zip": "To use the ZipExtensionAdapter"
            },
            "type": "library",
            "extra": {
                "branch-alias": {
                    "dev-master": "0.2.x-dev"
                }
            },
            "autoload": {
                "psr-0": {
                    "Alchemy": "src"
                }
            },
            "notification-url": "https://packagist.org/downloads/",
            "license": [
                "MIT"
            ],
            "authors": [
                {
                    "name": "Alchemy",
                    "email": "dev.team@alchemy.fr",
                    "homepage": "http://www.alchemy.fr/"
                }
            ],
            "description": "Zippy, the archive manager companion",
            "keywords": [
                "bzip",
                "compression",
                "tar",
                "zip"
            ],
            "time": "2014-12-10T15:03:17+00:00"
        },
        {
            "name": "doctrine/collections",
            "version": "v1.3.0",
            "source": {
                "type": "git",
                "url": "https://github.com/doctrine/collections.git",
                "reference": "6c1e4eef75f310ea1b3e30945e9f06e652128b8a"
            },
            "dist": {
                "type": "zip",
                "url": "https://api.github.com/repos/doctrine/collections/zipball/6c1e4eef75f310ea1b3e30945e9f06e652128b8a",
                "reference": "6c1e4eef75f310ea1b3e30945e9f06e652128b8a",
                "shasum": ""
            },
            "require": {
                "php": ">=5.3.2"
            },
            "require-dev": {
                "phpunit/phpunit": "~4.0"
            },
            "type": "library",
            "extra": {
                "branch-alias": {
                    "dev-master": "1.2.x-dev"
                }
            },
            "autoload": {
                "psr-0": {
                    "Doctrine\\Common\\Collections\\": "lib/"
                }
            },
            "notification-url": "https://packagist.org/downloads/",
            "license": [
                "MIT"
            ],
            "authors": [
                {
                    "name": "Roman Borschel",
                    "email": "roman@code-factory.org"
                },
                {
                    "name": "Benjamin Eberlei",
                    "email": "kontakt@beberlei.de"
                },
                {
                    "name": "Guilherme Blanco",
                    "email": "guilhermeblanco@gmail.com"
                },
                {
                    "name": "Jonathan Wage",
                    "email": "jonwage@gmail.com"
                },
                {
                    "name": "Johannes Schmitt",
                    "email": "schmittjoh@gmail.com"
                }
            ],
            "description": "Collections Abstraction library",
            "homepage": "http://www.doctrine-project.org",
            "keywords": [
                "array",
                "collections",
                "iterator"
            ],
            "time": "2015-04-14T22:21:58+00:00"
        },
        {
            "name": "guzzle/guzzle",
            "version": "v3.9.3",
            "source": {
                "type": "git",
                "url": "https://github.com/guzzle/guzzle3.git",
                "reference": "0645b70d953bc1c067bbc8d5bc53194706b628d9"
            },
            "dist": {
                "type": "zip",
                "url": "https://api.github.com/repos/guzzle/guzzle3/zipball/0645b70d953bc1c067bbc8d5bc53194706b628d9",
                "reference": "0645b70d953bc1c067bbc8d5bc53194706b628d9",
                "shasum": ""
            },
            "require": {
                "ext-curl": "*",
                "php": ">=5.3.3",
                "symfony/event-dispatcher": "~2.1"
            },
            "replace": {
                "guzzle/batch": "self.version",
                "guzzle/cache": "self.version",
                "guzzle/common": "self.version",
                "guzzle/http": "self.version",
                "guzzle/inflection": "self.version",
                "guzzle/iterator": "self.version",
                "guzzle/log": "self.version",
                "guzzle/parser": "self.version",
                "guzzle/plugin": "self.version",
                "guzzle/plugin-async": "self.version",
                "guzzle/plugin-backoff": "self.version",
                "guzzle/plugin-cache": "self.version",
                "guzzle/plugin-cookie": "self.version",
                "guzzle/plugin-curlauth": "self.version",
                "guzzle/plugin-error-response": "self.version",
                "guzzle/plugin-history": "self.version",
                "guzzle/plugin-log": "self.version",
                "guzzle/plugin-md5": "self.version",
                "guzzle/plugin-mock": "self.version",
                "guzzle/plugin-oauth": "self.version",
                "guzzle/service": "self.version",
                "guzzle/stream": "self.version"
            },
            "require-dev": {
                "doctrine/cache": "~1.3",
                "monolog/monolog": "~1.0",
                "phpunit/phpunit": "3.7.*",
                "psr/log": "~1.0",
                "symfony/class-loader": "~2.1",
                "zendframework/zend-cache": "2.*,<2.3",
                "zendframework/zend-log": "2.*,<2.3"
            },
            "suggest": {
                "guzzlehttp/guzzle": "Guzzle 5 has moved to a new package name. The package you have installed, Guzzle 3, is deprecated."
            },
            "type": "library",
            "extra": {
                "branch-alias": {
                    "dev-master": "3.9-dev"
                }
            },
            "autoload": {
                "psr-0": {
                    "Guzzle": "src/",
                    "Guzzle\\Tests": "tests/"
                }
            },
            "notification-url": "https://packagist.org/downloads/",
            "license": [
                "MIT"
            ],
            "authors": [
                {
                    "name": "Michael Dowling",
                    "email": "mtdowling@gmail.com",
                    "homepage": "https://github.com/mtdowling"
                },
                {
                    "name": "Guzzle Community",
                    "homepage": "https://github.com/guzzle/guzzle/contributors"
                }
            ],
            "description": "PHP HTTP client. This library is deprecated in favor of https://packagist.org/packages/guzzlehttp/guzzle",
            "homepage": "http://guzzlephp.org/",
            "keywords": [
                "client",
                "curl",
                "framework",
                "http",
                "http client",
                "rest",
                "web service"
            ],
            "abandoned": "guzzlehttp/guzzle",
            "time": "2015-03-18T18:23:50+00:00"
        },
        {
            "name": "kevinlebrun/colors.php",
            "version": "0.4.1",
            "source": {
                "type": "git",
                "url": "https://github.com/kevinlebrun/colors.php.git",
                "reference": "d132f36d06e48ea080855af19b4bcb1fb615224a"
            },
            "dist": {
                "type": "zip",
                "url": "https://api.github.com/repos/kevinlebrun/colors.php/zipball/d132f36d06e48ea080855af19b4bcb1fb615224a",
                "reference": "d132f36d06e48ea080855af19b4bcb1fb615224a",
                "shasum": ""
            },
            "require": {
                "php": ">=5.3.0"
            },
            "require-dev": {
                "phpunit/phpunit": "3.7.*",
                "satooshi/php-coveralls": "dev-master",
                "squizlabs/php_codesniffer": "1.*"
            },
            "type": "library",
            "autoload": {
                "psr-0": {
                    "Colors": "src/"
                }
            },
            "notification-url": "https://packagist.org/downloads/",
            "license": [
                "MIT"
            ],
            "authors": [
                {
                    "name": "Kevin Le Brun",
                    "email": "lebrun.k@gmail.com",
                    "homepage": "http://kevinlebrun.fr",
                    "role": "developer"
                }
            ],
            "description": "Colors for PHP CLI scripts",
            "homepage": "https://github.com/kevinlebrun/colors.php",
            "keywords": [
                "cli",
                "color",
                "colors",
                "console",
                "shell"
            ],
            "time": "2014-12-23T01:23:37+00:00"
        },
        {
            "name": "michelf/php-markdown",
            "version": "1.7.0",
            "source": {
                "type": "git",
                "url": "https://github.com/michelf/php-markdown.git",
                "reference": "1f51cc520948f66cd2af8cbc45a5ee175e774220"
            },
            "dist": {
                "type": "zip",
                "url": "https://api.github.com/repos/michelf/php-markdown/zipball/1f51cc520948f66cd2af8cbc45a5ee175e774220",
                "reference": "1f51cc520948f66cd2af8cbc45a5ee175e774220",
                "shasum": ""
            },
            "require": {
                "php": ">=5.3.0"
            },
            "type": "library",
            "extra": {
                "branch-alias": {
                    "dev-lib": "1.4.x-dev"
                }
            },
            "autoload": {
                "psr-0": {
                    "Michelf": ""
                }
            },
            "notification-url": "https://packagist.org/downloads/",
            "license": [
                "BSD-3-Clause"
            ],
            "authors": [
                {
                    "name": "Michel Fortin",
                    "email": "michel.fortin@michelf.ca",
                    "homepage": "https://michelf.ca/",
                    "role": "Developer"
                },
                {
                    "name": "John Gruber",
                    "homepage": "https://daringfireball.net/"
                }
            ],
            "description": "PHP Markdown",
            "homepage": "https://michelf.ca/projects/php-markdown/",
            "keywords": [
                "markdown"
            ],
            "time": "2016-10-29T18:58:20+00:00"
        },
        {
            "name": "mustache/mustache",
            "version": "v2.12.0",
            "source": {
                "type": "git",
                "url": "https://github.com/bobthecow/mustache.php.git",
                "reference": "fe8fe72e9d580591854de404cc59a1b83ca4d19e"
            },
            "dist": {
                "type": "zip",
                "url": "https://api.github.com/repos/bobthecow/mustache.php/zipball/fe8fe72e9d580591854de404cc59a1b83ca4d19e",
                "reference": "fe8fe72e9d580591854de404cc59a1b83ca4d19e",
                "shasum": ""
            },
            "require": {
                "php": ">=5.2.4"
            },
            "require-dev": {
                "friendsofphp/php-cs-fixer": "~1.11",
                "phpunit/phpunit": "~3.7|~4.0|~5.0"
            },
            "type": "library",
            "autoload": {
                "psr-0": {
                    "Mustache": "src/"
                }
            },
            "notification-url": "https://packagist.org/downloads/",
            "license": [
                "MIT"
            ],
            "authors": [
                {
                    "name": "Justin Hileman",
                    "email": "justin@justinhileman.info",
                    "homepage": "http://justinhileman.com"
                }
            ],
            "description": "A Mustache implementation in PHP.",
            "homepage": "https://github.com/bobthecow/mustache.php",
            "keywords": [
                "mustache",
                "templating"
            ],
            "time": "2017-07-11T12:54:05+00:00"
        },
        {
            "name": "pattern-lab/core",
            "version": "v2.4.1",
            "source": {
                "type": "git",
                "url": "https://github.com/pattern-lab/patternlab-php-core.git",
                "reference": "5f9344706c243c990178af26cf9795376e410e9d"
            },
            "dist": {
                "type": "zip",
                "url": "https://api.github.com/repos/pattern-lab/patternlab-php-core/zipball/5f9344706c243c990178af26cf9795376e410e9d",
                "reference": "5f9344706c243c990178af26cf9795376e410e9d",
                "shasum": ""
            },
            "require": {
                "alchemy/zippy": "~0.2.1",
                "kevinlebrun/colors.php": "~0.4.1",
                "michelf/php-markdown": "~1.5",
                "php": ">=5.4",
                "seld/jsonlint": "~1.3",
                "shudrum/array-finder": "^1.0.0",
                "symfony/event-dispatcher": "~2.6",
                "symfony/filesystem": "~2.6.4",
                "symfony/finder": "~2.6",
                "symfony/yaml": "~2.6"
            },
            "type": "library",
            "autoload": {
                "psr-0": {
                    "PatternLab": "src/"
                }
            },
            "notification-url": "https://packagist.org/downloads/",
            "license": [
                "MIT"
            ],
            "authors": [
                {
                    "name": "Dave Olsen",
                    "email": "dmolsen@gmail.com",
                    "homepage": "http://dmolsen.com",
                    "role": "Lead Developer"
                },
                {
                    "name": "Brad Frost",
                    "homepage": "http://bradfrostweb.com",
                    "role": "Creator"
                }
            ],
            "description": "The core functionality for Pattern Lab.",
            "homepage": "http://patternlab.io",
            "keywords": [
                "atomic",
                "atomic design",
                "pattern lab",
                "style guide",
                "styleguide"
            ],
            "time": "2016-06-21T18:00:09+00:00"
        },
        {
            "name": "pattern-lab/patternengine-mustache",
            "version": "v2.1.0",
            "source": {
                "type": "git",
                "url": "https://github.com/pattern-lab/patternengine-php-mustache.git",
                "reference": "efb9ac15e0f77a26aec60e677710730e721f9f3e"
            },
            "dist": {
                "type": "zip",
                "url": "https://api.github.com/repos/pattern-lab/patternengine-php-mustache/zipball/efb9ac15e0f77a26aec60e677710730e721f9f3e",
                "reference": "efb9ac15e0f77a26aec60e677710730e721f9f3e",
                "shasum": ""
            },
            "require": {
                "mustache/mustache": "~2.6",
                "pattern-lab/core": "^2.0.0"
            },
            "type": "patternlab-patternengine",
            "extra": {
                "patternlab": {
                    "config": {
                        "lineageMatch": "{{>([]+)?([A-Za-z0-9-_]+)(?:\\:[A-Za-z0-9-]+)?(?:(| )\\(.*)?([]+)?}}",
                        "lineageMatchKey": 2,
                        "patternExtension": "mustache",
                        "mustacheHelperExt": "helper.php"
                    }
                }
            },
            "autoload": {
                "psr-0": {
                    "PatternLab\\PatternEngine\\Mustache": "src/"
                }
            },
            "notification-url": "https://packagist.org/downloads/",
            "license": [
                "MIT"
            ],
            "authors": [
                {
                    "name": "Dave Olsen",
                    "email": "dmolsen@gmail.com",
                    "homepage": "http://dmolsen.com",
                    "role": "Lead Developer"
                }
            ],
            "description": "Mustache-based PatternEngine for Pattern Lab.",
            "homepage": "http://patternlab.io",
            "keywords": [
                "mustache",
                "pattern engine",
                "pattern lab"
            ],
            "time": "2016-06-21T01:51:20+00:00"
        },
        {
            "name": "pattern-lab/plugin-reload",
            "version": "v2.0.1",
            "source": {
                "type": "git",
                "url": "https://github.com/pattern-lab/plugin-php-reload.git",
                "reference": "d7e19f0cdfd0d15e8e16a3858140da64e8ade84b"
            },
            "dist": {
                "type": "zip",
                "url": "https://api.github.com/repos/pattern-lab/plugin-php-reload/zipball/d7e19f0cdfd0d15e8e16a3858140da64e8ade84b",
                "reference": "d7e19f0cdfd0d15e8e16a3858140da64e8ade84b",
                "shasum": ""
            },
            "require": {
                "pattern-lab/core": "^2.4.0",
                "php": ">=5.4",
                "wrench/wrench": "^2.0.0"
            },
            "type": "patternlab-plugin",
            "extra": {
                "patternlab": {
                    "dist": {
                        "componentDir": [
                            {
                                "*": "*"
                            }
                        ]
                    },
                    "onready": "PluginReload.init()",
                    "config": {
                        "plugins": {
                            "reload": {
                                "enabled": true
                            }
                        }
                    }
                }
            },
            "autoload": {
                "psr-0": {
                    "PatternLab\\Reload": "src/"
                }
            },
            "notification-url": "https://packagist.org/downloads/",
            "license": [
                "MIT"
            ],
            "authors": [
                {
                    "name": "Dave Olsen",
                    "email": "dmolsen@gmail.com",
                    "homepage": "http://dmolsen.com",
                    "role": "Lead Developer"
                }
            ],
            "description": "Automatic Browser Reload Support for Pattern Lab",
            "homepage": "http://patternlab.io",
            "keywords": [
                "pattern lab",
                "reload",
                "websocket"
            ],
            "time": "2016-07-03T00:36:21+00:00"
        },
        {
            "name": "pattern-lab/styleguidekit-assets-default",
            "version": "v3.5.2",
            "source": {
                "type": "git",
                "url": "https://github.com/pattern-lab/styleguidekit-assets-default.git",
                "reference": "7c1b51195c17a19cc3e87890b8fb3d8c27f33870"
            },
            "dist": {
                "type": "zip",
                "url": "https://api.github.com/repos/pattern-lab/styleguidekit-assets-default/zipball/7c1b51195c17a19cc3e87890b8fb3d8c27f33870",
                "reference": "7c1b51195c17a19cc3e87890b8fb3d8c27f33870",
                "shasum": ""
            },
            "type": "patternlab-styleguidekit",
            "extra": {
                "patternlab": {
                    "dist": {
                        "publicDir": [
                            {
                                "*": "*"
                            }
                        ]
                    },
                    "config": {
                        "ishMinimum": "240",
                        "ishMaximum": "2600",
                        "ishControlsHide": [
                            "hay"
                        ]
                    }
                }
            },
            "notification-url": "https://packagist.org/downloads/",
            "license": [
                "MIT"
            ],
            "authors": [
                {
                    "name": "Dave Olsen",
                    "email": "dmolsen@gmail.com",
                    "homepage": "http://dmolsen.com",
                    "role": "Lead Developer"
                },
                {
                    "name": "Brad Frost",
                    "homepage": "http://bradfrostweb.com",
                    "role": "Creator"
                }
            ],
            "description": "The assets for the default StyleguideKit for Pattern Lab. Contains styles and mark-up for Pattern Lab's front-end.",
            "homepage": "http://patternlab.io",
            "keywords": [
                "mustache",
                "pattern lab",
                "styleguide"
            ],
            "time": "2017-10-31T12:19:46+00:00"
        },
        {
            "name": "pattern-lab/styleguidekit-mustache-default",
            "version": "v3.1.0",
            "source": {
                "type": "git",
                "url": "https://github.com/pattern-lab/styleguidekit-mustache-default.git",
                "reference": "b981b0e955b77261bd34c18aa8adead32d948237"
            },
            "dist": {
                "type": "zip",
                "url": "https://api.github.com/repos/pattern-lab/styleguidekit-mustache-default/zipball/b981b0e955b77261bd34c18aa8adead32d948237",
                "reference": "b981b0e955b77261bd34c18aa8adead32d948237",
                "shasum": ""
            },
            "require": {
                "pattern-lab/core": "^2.0.0",
                "pattern-lab/patternengine-mustache": "^2.0.0",
                "pattern-lab/styleguidekit-assets-default": "^3.0.0"
            },
            "type": "patternlab-styleguidekit",
            "notification-url": "https://packagist.org/downloads/",
            "license": [
                "MIT"
            ],
            "authors": [
                {
                    "name": "Dave Olsen",
                    "email": "dmolsen@gmail.com",
                    "homepage": "http://dmolsen.com",
                    "role": "Lead Developer"
                },
                {
                    "name": "Brad Frost",
                    "homepage": "http://bradfrostweb.com",
                    "role": "Creator"
                }
            ],
            "description": "The default Mustache-based StyleguideKit for Pattern Lab. Contains styles and mark-up for Pattern Lab's front-end.",
            "homepage": "http://patternlab.io",
            "keywords": [
                "mustache",
                "pattern lab",
                "styleguide"
            ],
            "time": "2016-07-13T02:42:24+00:00"
        },
        {
            "name": "pimple/pimple",
            "version": "v1.1.1",
            "source": {
                "type": "git",
                "url": "https://github.com/silexphp/Pimple.git",
                "reference": "2019c145fe393923f3441b23f29bbdfaa5c58c4d"
            },
            "dist": {
                "type": "zip",
                "url": "https://api.github.com/repos/silexphp/Pimple/zipball/2019c145fe393923f3441b23f29bbdfaa5c58c4d",
                "reference": "2019c145fe393923f3441b23f29bbdfaa5c58c4d",
                "shasum": ""
            },
            "require": {
                "php": ">=5.3.0"
            },
            "type": "library",
            "extra": {
                "branch-alias": {
                    "dev-master": "1.1.x-dev"
                }
            },
            "autoload": {
                "psr-0": {
                    "Pimple": "lib/"
                }
            },
            "notification-url": "https://packagist.org/downloads/",
            "license": [
                "MIT"
            ],
            "authors": [
                {
                    "name": "Fabien Potencier",
                    "email": "fabien@symfony.com"
                }
            ],
            "description": "Pimple is a simple Dependency Injection Container for PHP 5.3",
            "homepage": "http://pimple.sensiolabs.org",
            "keywords": [
                "container",
                "dependency injection"
            ],
            "time": "2013-11-22T08:30:29+00:00"
        },
        {
            "name": "seld/jsonlint",
            "version": "1.6.2",
            "source": {
                "type": "git",
                "url": "https://github.com/Seldaek/jsonlint.git",
                "reference": "7a30649c67ee0d19faacfd9fa2cfb6cc032d9b19"
            },
            "dist": {
                "type": "zip",
                "url": "https://api.github.com/repos/Seldaek/jsonlint/zipball/7a30649c67ee0d19faacfd9fa2cfb6cc032d9b19",
                "reference": "7a30649c67ee0d19faacfd9fa2cfb6cc032d9b19",
                "shasum": ""
            },
            "require": {
                "php": "^5.3 || ^7.0"
            },
            "require-dev": {
                "phpunit/phpunit": "^4.5"
            },
            "bin": [
                "bin/jsonlint"
            ],
            "type": "library",
            "autoload": {
                "psr-4": {
                    "Seld\\JsonLint\\": "src/Seld/JsonLint/"
                }
            },
            "notification-url": "https://packagist.org/downloads/",
            "license": [
                "MIT"
            ],
            "authors": [
                {
                    "name": "Jordi Boggiano",
                    "email": "j.boggiano@seld.be",
                    "homepage": "http://seld.be"
                }
            ],
            "description": "JSON Linter",
            "keywords": [
                "json",
                "linter",
                "parser",
                "validator"
            ],
            "time": "2017-11-30T15:34:22+00:00"
        },
        {
            "name": "shudrum/array-finder",
            "version": "v1.1.0",
            "source": {
                "type": "git",
                "url": "https://github.com/Shudrum/ArrayFinder.git",
                "reference": "42380f01017371b7a1e8e02b0bf12cb534e454d7"
            },
            "dist": {
                "type": "zip",
                "url": "https://api.github.com/repos/Shudrum/ArrayFinder/zipball/42380f01017371b7a1e8e02b0bf12cb534e454d7",
                "reference": "42380f01017371b7a1e8e02b0bf12cb534e454d7",
                "shasum": ""
            },
            "require": {
                "php": ">=5.4"
            },
            "type": "library",
            "autoload": {
                "psr-4": {
                    "Shudrum\\Component\\ArrayFinder\\": ""
                },
                "exclude-from-classmap": [
                    "/Tests/"
                ]
            },
            "notification-url": "https://packagist.org/downloads/",
            "license": [
                "MIT"
            ],
            "authors": [
                {
                    "name": "Julien Martin",
                    "email": "martin.julien82@gmail.com"
                }
            ],
            "description": "ArrayFinder component",
            "homepage": "https://github.com/Shudrum/ArrayFinder",
            "time": "2016-02-01T12:23:32+00:00"
        },
        {
            "name": "symfony/event-dispatcher",
            "version": "v2.8.32",
            "source": {
                "type": "git",
                "url": "https://github.com/symfony/event-dispatcher.git",
                "reference": "b59aacf238fadda50d612c9de73b74751872a903"
            },
            "dist": {
                "type": "zip",
                "url": "https://api.github.com/repos/symfony/event-dispatcher/zipball/b59aacf238fadda50d612c9de73b74751872a903",
                "reference": "b59aacf238fadda50d612c9de73b74751872a903",
                "shasum": ""
            },
            "require": {
                "php": ">=5.3.9"
            },
            "require-dev": {
                "psr/log": "~1.0",
                "symfony/config": "^2.0.5|~3.0.0",
                "symfony/dependency-injection": "~2.6|~3.0.0",
                "symfony/expression-language": "~2.6|~3.0.0",
                "symfony/stopwatch": "~2.3|~3.0.0"
            },
            "suggest": {
                "symfony/dependency-injection": "",
                "symfony/http-kernel": ""
            },
            "type": "library",
            "extra": {
                "branch-alias": {
                    "dev-master": "2.8-dev"
                }
            },
            "autoload": {
                "psr-4": {
                    "Symfony\\Component\\EventDispatcher\\": ""
                },
                "exclude-from-classmap": [
                    "/Tests/"
                ]
            },
            "notification-url": "https://packagist.org/downloads/",
            "license": [
                "MIT"
            ],
            "authors": [
                {
                    "name": "Fabien Potencier",
                    "email": "fabien@symfony.com"
                },
                {
                    "name": "Symfony Community",
                    "homepage": "https://symfony.com/contributors"
                }
            ],
            "description": "Symfony EventDispatcher Component",
            "homepage": "https://symfony.com",
            "time": "2017-11-05T15:25:56+00:00"
        },
        {
            "name": "symfony/filesystem",
            "version": "v2.6.13",
            "target-dir": "Symfony/Component/Filesystem",
            "source": {
                "type": "git",
                "url": "https://github.com/symfony/filesystem.git",
                "reference": "823c035b1a5c13a4924e324d016eb07e70f94735"
            },
            "dist": {
                "type": "zip",
                "url": "https://api.github.com/repos/symfony/filesystem/zipball/823c035b1a5c13a4924e324d016eb07e70f94735",
                "reference": "823c035b1a5c13a4924e324d016eb07e70f94735",
                "shasum": ""
            },
            "require": {
                "php": ">=5.3.3"
            },
            "require-dev": {
                "symfony/phpunit-bridge": "~2.7"
            },
            "type": "library",
            "extra": {
                "branch-alias": {
                    "dev-master": "2.6-dev"
                }
            },
            "autoload": {
                "psr-0": {
                    "Symfony\\Component\\Filesystem\\": ""
                }
            },
            "notification-url": "https://packagist.org/downloads/",
            "license": [
                "MIT"
            ],
            "authors": [
                {
                    "name": "Fabien Potencier",
                    "email": "fabien@symfony.com"
                },
                {
                    "name": "Symfony Community",
                    "homepage": "https://symfony.com/contributors"
                }
            ],
            "description": "Symfony Filesystem Component",
            "homepage": "https://symfony.com",
            "time": "2015-07-08T05:59:48+00:00"
        },
        {
            "name": "symfony/finder",
            "version": "v2.8.32",
            "source": {
                "type": "git",
                "url": "https://github.com/symfony/finder.git",
                "reference": "efeceae6a05a9b2fcb3391333f1d4a828ff44ab8"
            },
            "dist": {
                "type": "zip",
                "url": "https://api.github.com/repos/symfony/finder/zipball/efeceae6a05a9b2fcb3391333f1d4a828ff44ab8",
                "reference": "efeceae6a05a9b2fcb3391333f1d4a828ff44ab8",
                "shasum": ""
            },
            "require": {
                "php": ">=5.3.9"
            },
            "type": "library",
            "extra": {
                "branch-alias": {
                    "dev-master": "2.8-dev"
                }
            },
            "autoload": {
                "psr-4": {
                    "Symfony\\Component\\Finder\\": ""
                },
                "exclude-from-classmap": [
                    "/Tests/"
                ]
            },
            "notification-url": "https://packagist.org/downloads/",
            "license": [
                "MIT"
            ],
            "authors": [
                {
                    "name": "Fabien Potencier",
                    "email": "fabien@symfony.com"
                },
                {
                    "name": "Symfony Community",
                    "homepage": "https://symfony.com/contributors"
                }
            ],
            "description": "Symfony Finder Component",
            "homepage": "https://symfony.com",
            "time": "2017-11-05T15:25:56+00:00"
        },
        {
            "name": "symfony/process",
            "version": "v2.8.32",
            "source": {
                "type": "git",
                "url": "https://github.com/symfony/process.git",
                "reference": "d25449e031f600807949aab7cadbf267712f4eee"
            },
            "dist": {
                "type": "zip",
                "url": "https://api.github.com/repos/symfony/process/zipball/d25449e031f600807949aab7cadbf267712f4eee",
                "reference": "d25449e031f600807949aab7cadbf267712f4eee",
                "shasum": ""
            },
            "require": {
                "php": ">=5.3.9"
            },
            "type": "library",
            "extra": {
                "branch-alias": {
                    "dev-master": "2.8-dev"
                }
            },
            "autoload": {
                "psr-4": {
                    "Symfony\\Component\\Process\\": ""
                },
                "exclude-from-classmap": [
                    "/Tests/"
                ]
            },
            "notification-url": "https://packagist.org/downloads/",
            "license": [
                "MIT"
            ],
            "authors": [
                {
                    "name": "Fabien Potencier",
                    "email": "fabien@symfony.com"
                },
                {
                    "name": "Symfony Community",
                    "homepage": "https://symfony.com/contributors"
                }
            ],
            "description": "Symfony Process Component",
            "homepage": "https://symfony.com",
            "time": "2017-11-05T15:25:56+00:00"
        },
        {
            "name": "symfony/yaml",
            "version": "v2.8.32",
            "source": {
                "type": "git",
                "url": "https://github.com/symfony/yaml.git",
                "reference": "968ef42161e4bc04200119da473077f9e7015128"
            },
            "dist": {
                "type": "zip",
                "url": "https://api.github.com/repos/symfony/yaml/zipball/968ef42161e4bc04200119da473077f9e7015128",
                "reference": "968ef42161e4bc04200119da473077f9e7015128",
                "shasum": ""
            },
            "require": {
                "php": ">=5.3.9"
            },
            "type": "library",
            "extra": {
                "branch-alias": {
                    "dev-master": "2.8-dev"
                }
            },
            "autoload": {
                "psr-4": {
                    "Symfony\\Component\\Yaml\\": ""
                },
                "exclude-from-classmap": [
                    "/Tests/"
                ]
            },
            "notification-url": "https://packagist.org/downloads/",
            "license": [
                "MIT"
            ],
            "authors": [
                {
                    "name": "Fabien Potencier",
                    "email": "fabien@symfony.com"
                },
                {
                    "name": "Symfony Community",
                    "homepage": "https://symfony.com/contributors"
                }
            ],
            "description": "Symfony Yaml Component",
            "homepage": "https://symfony.com",
            "time": "2017-11-29T09:33:18+00:00"
        },
        {
            "name": "wrench/wrench",
            "version": "v2.0.1",
            "source": {
                "type": "git",
                "url": "https://github.com/varspool/Wrench.git",
                "reference": "03d1f1dc012687eea9bfcaebbf16300bda001a22"
            },
            "dist": {
                "type": "zip",
                "url": "https://api.github.com/repos/varspool/Wrench/zipball/03d1f1dc012687eea9bfcaebbf16300bda001a22",
                "reference": "03d1f1dc012687eea9bfcaebbf16300bda001a22",
                "shasum": ""
            },
            "require": {
                "php": ">=5.3"
            },
            "type": "library",
            "autoload": {
                "psr-0": {
                    "Wrench": "lib/"
                }
            },
            "notification-url": "https://packagist.org/downloads/",
            "license": [
                "WTFPL"
            ],
            "authors": [
                {
                    "name": "Dominic Scheirlinck",
                    "email": "dominic@varspool.com",
                    "homepage": "http://www.somethingemporium.com/"
                },
                {
                    "name": "Simon Samtleben",
                    "email": "web@lemmingzshadow.net",
                    "homepage": "http://lemmingzshadow.net/"
                },
                {
                    "name": "Nico Kaiser",
                    "email": "nico@kaiser.me",
                    "homepage": "http://siriux.net/"
                }
            ],
            "description": "PHP WebSocket client/server library",
            "homepage": "http://github.com/varspool/Wrench",
            "keywords": [
                "WebSockets",
                "hybi",
                "websocket"
            ],
            "time": "2013-06-15T14:49:42+00:00"
        }
    ],
    "packages-dev": [],
    "aliases": [],
    "minimum-stability": "stable",
    "stability-flags": [],
    "prefer-stable": false,
    "prefer-lowest": false,
    "platform": {
        "php": ">=5.4"
    },
    "platform-dev": []
}
